
Microsoft Visual Studio Solution File, Format Version 12.00
# Visual Studio Version 16
VisualStudioVersion = 16.0.31624.102
MinimumVisualStudioVersion = 10.0.40219.1
Project("{FAE04EC0-301F-11D3-BF4B-00C04F79EFBC}") = "Currency", "Currency\Currency.csproj", "{F72058CA-7383-47AD-A80B-6127FE8FE33A}"
EndProject
Global
	GlobalSection(SolutionConfigurationPlatforms) = preSolution
		Debug|Any CPU = Debug|Any CPU
		Release|Any CPU = Release|Any CPU
	EndGlobalSection
	GlobalSection(ProjectConfigurationPlatforms) = postSolution
		{F72058CA-7383-47AD-A80B-6127FE8FE33A}.Debug|Any CPU.ActiveCfg = Debug|Any CPU
		{F72058CA-7383-47AD-A80B-6127FE8FE33A}.Debug|Any CPU.Build.0 = Debug|Any CPU
		{F72058CA-7383-47AD-A80B-6127FE8FE33A}.Release|Any CPU.ActiveCfg = Release|Any CPU
		{F72058CA-7383-47AD-A80B-6127FE8FE33A}.Release|Any CPU.Build.0 = Release|Any CPU
	EndGlobalSection
	GlobalSection(SolutionProperties) = preSolution
		HideSolutionNode = FALSE
	EndGlobalSection
	GlobalSection(ExtensibilityGlobals) = postSolution
		SolutionGuid = {1B0DA376-453A-4831-8A2D-C8F9C27CE1D9}
	EndGlobalSection
EndGlobal
